// !$*UTF8*$!
{
	archiveVersion = 1;
	classes = {
	};
	objectVersion = 56;
	objects = {

/* Begin PBXBuildFile section */
		6B45529B2A57EEEC0035267D /* ZyoingApp.swift in Sources */ = {isa = PBXBuildFile; fileRef = 6B45529A2A57EEEC0035267D /* ZyoingApp.swift */; };
		6B45529F2A57EEEE0035267D /* Assets.xcassets in Resources */ = {isa = PBXBuildFile; fileRef = 6B45529E2A57EEEE0035267D /* Assets.xcassets */; };
		6B4552A22A57EEEE0035267D /* Preview Assets.xcassets in Resources */ = {isa = PBXBuildFile; fileRef = 6B4552A12A57EEEE0035267D /* Preview Assets.xcassets */; };
		6B4552AC2A57EEEE0035267D /* ZyoingTests.swift in Sources */ = {isa = PBXBuildFile; fileRef = 6B4552AB2A57EEEE0035267D /* ZyoingTests.swift */; };
		6B4552B62A57EEEE0035267D /* ZyoingUITests.swift in Sources */ = {isa = PBXBuildFile; fileRef = 6B4552B52A57EEEE0035267D /* ZyoingUITests.swift */; };
		6B4552B82A57EEEE0035267D /* ZyoingUITestsLaunchTests.swift in Sources */ = {isa = PBXBuildFile; fileRef = 6B4552B72A57EEEE0035267D /* ZyoingUITestsLaunchTests.swift */; };
		6B4552CD2A57F63B0035267D /* HomeView.swift in Sources */ = {isa = PBXBuildFile; fileRef = 6B4552CC2A57F63B0035267D /* HomeView.swift */; };
/* End PBXBuildFile section */

/* Begin PBXContainerItemProxy section */
		6B4552A82A57EEEE0035267D /* PBXContainerItemProxy */ = {
			isa = PBXContainerItemProxy;
			containerPortal = 6B45528F2A57EEEC0035267D /* Project object */;
			proxyType = 1;
			remoteGlobalIDString = 6B4552962A57EEEC0035267D;
			remoteInfo = Zyoing;
		};
		6B4552B22A57EEEE0035267D /* PBXContainerItemProxy */ = {
			isa = PBXContainerItemProxy;
			containerPortal = 6B45528F2A57EEEC0035267D /* Project object */;
			proxyType = 1;
			remoteGlobalIDString = 6B4552962A57EEEC0035267D;
			remoteInfo = Zyoing;
		};
/* End PBXContainerItemProxy section */

/* Begin PBXFileReference section */
		6B4552972A57EEEC0035267D /* Zyoing.app */ = {isa = PBXFileReference; explicitFileType = wrapper.application; includeInIndex = 0; path = Zyoing.app; sourceTree = BUILT_PRODUCTS_DIR; };
		6B45529A2A57EEEC0035267D /* ZyoingApp.swift */ = {isa = PBXFileReference; lastKnownFileType = sourcecode.swift; path = ZyoingApp.swift; sourceTree = "<group>"; };
		6B45529E2A57EEEE0035267D /* Assets.xcassets */ = {isa = PBXFileReference; lastKnownFileType = folder.assetcatalog; path = Assets.xcassets; sourceTree = "<group>"; };
		6B4552A12A57EEEE0035267D /* Preview Assets.xcassets */ = {isa = PBXFileReference; lastKnownFileType = folder.assetcatalog; path = "Preview Assets.xcassets"; sourceTree = "<group>"; };
		6B4552A72A57EEEE0035267D /* ZyoingTests.xctest */ = {isa = PBXFileReference; explicitFileType = wrapper.cfbundle; includeInIndex = 0; path = ZyoingTests.xctest; sourceTree = BUILT_PRODUCTS_DIR; };
		6B4552AB2A57EEEE0035267D /* ZyoingTests.swift */ = {isa = PBXFileReference; lastKnownFileType = sourcecode.swift; path = ZyoingTests.swift; sourceTree = "<group>"; };
		6B4552B12A57EEEE0035267D /* ZyoingUITests.xctest */ = {isa = PBXFileReference; explicitFileType = wrapper.cfbundle; includeInIndex = 0; path = ZyoingUITests.xctest; sourceTree = BUILT_PRODUCTS_DIR; };
		6B4552B52A57EEEE0035267D /* ZyoingUITests.swift */ = {isa = PBXFileReference; lastKnownFileType = sourcecode.swift; path = ZyoingUITests.swift; sourceTree = "<group>"; };
		6B4552B72A57EEEE0035267D /* ZyoingUITestsLaunchTests.swift */ = {isa = PBXFileReference; lastKnownFileType = sourcecode.swift; path = ZyoingUITestsLaunchTests.swift; sourceTree = "<group>"; };
		6B4552CC2A57F63B0035267D /* HomeView.swift */ = {isa = PBXFileReference; lastKnownFileType = sourcecode.swift; path = HomeView.swift; sourceTree = "<group>"; };
/* End PBXFileReference section */

/* Begin PBXFrameworksBuildPhase section */
		6B4552942A57EEEC0035267D /* Frameworks */ = {
			isa = PBXFrameworksBuildPhase;
			buildActionMask = 2147483647;
			files = (
			);
			runOnlyForDeploymentPostprocessing = 0;
		};
		6B4552A42A57EEEE0035267D /* Frameworks */ = {
			isa = PBXFrameworksBuildPhase;
			buildActionMask = 2147483647;
			files = (
			);
			runOnlyForDeploymentPostprocessing = 0;
		};
		6B4552AE2A57EEEE0035267D /* Frameworks */ = {
			isa = PBXFrameworksBuildPhase;
			buildActionMask = 2147483647;
			files = (
			);
			runOnlyForDeploymentPostprocessing = 0;
		};
/* End PBXFrameworksBuildPhase section */

/* Begin PBXGroup section */
		6B45528E2A57EEEC0035267D = {
			isa = PBXGroup;
			children = (
				6B4552992A57EEEC0035267D /* Zyoing */,
				6B4552AA2A57EEEE0035267D /* ZyoingTests */,
				6B4552B42A57EEEE0035267D /* ZyoingUITests */,
				6B4552982A57EEEC0035267D /* Products */,
			);
			sourceTree = "<group>";
		};
		6B4552982A57EEEC0035267D /* Products */ = {
			isa = PBXGroup;
			children = (
				6B4552972A57EEEC0035267D /* Zyoing.app */,
				6B4552A72A57EEEE0035267D /* ZyoingTests.xctest */,
				6B4552B12A57EEEE0035267D /* ZyoingUITests.xctest */,
			);
			name = Products;
			sourceTree = "<group>";
		};
		6B4552992A57EEEC0035267D /* Zyoing */ = {
			isa = PBXGroup;
			children = (
				6B4552C62A57F5660035267D /* Core */,
				6B4552C52A57F5450035267D /* Manager */,
				6B4552C42A57F5360035267D /* App */,
				6B45529E2A57EEEE0035267D /* Assets.xcassets */,
				6B4552A02A57EEEE0035267D /* Preview Content */,
			);
			path = Zyoing;
			sourceTree = "<group>";
		};
		6B4552A02A57EEEE0035267D /* Preview Content */ = {
			isa = PBXGroup;
			children = (
				6B4552A12A57EEEE0035267D /* Preview Assets.xcassets */,
			);
			path = "Preview Content";
			sourceTree = "<group>";
		};
		6B4552AA2A57EEEE0035267D /* ZyoingTests */ = {
			isa = PBXGroup;
			children = (
				6B4552AB2A57EEEE0035267D /* ZyoingTests.swift */,
			);
			path = ZyoingTests;
			sourceTree = "<group>";
		};
		6B4552B42A57EEEE0035267D /* ZyoingUITests */ = {
			isa = PBXGroup;
			children = (
				6B4552B52A57EEEE0035267D /* ZyoingUITests.swift */,
				6B4552B72A57EEEE0035267D /* ZyoingUITestsLaunchTests.swift */,
			);
			path = ZyoingUITests;
			sourceTree = "<group>";
		};
		6B4552C42A57F5360035267D /* App */ = {
			isa = PBXGroup;
			children = (
				6B45529A2A57EEEC0035267D /* ZyoingApp.swift */,
			);
			path = App;
			sourceTree = "<group>";
		};
		6B4552C52A57F5450035267D /* Manager */ = {
			isa = PBXGroup;
			children = (
			);
			path = Manager;
			sourceTree = "<group>";
		};
		6B4552C62A57F5660035267D /* Core */ = {
			isa = PBXGroup;
			children = (
				6B4552C92A57F5B10035267D /* Model */,
				6B4552C82A57F5930035267D /* ViewModel */,
				6B4552C72A57F5730035267D /* View */,
			);
			path = Core;
			sourceTree = "<group>";
		};
		6B4552C72A57F5730035267D /* View */ = {
			isa = PBXGroup;
			children = (
				6B4552CB2A57F5E80035267D /* HomeView */,
				6B4552CA2A57F5CE0035267D /* CustomView and Styling */,
			);
			path = View;
			sourceTree = "<group>";
		};
		6B4552C82A57F5930035267D /* ViewModel */ = {
			isa = PBXGroup;
			children = (
			);
			path = ViewModel;
			sourceTree = "<group>";
		};
		6B4552C92A57F5B10035267D /* Model */ = {
			isa = PBXGroup;
			children = (
			);
			path = Model;
			sourceTree = "<group>";
		};
		6B4552CA2A57F5CE0035267D /* CustomView and Styling */ = {
			isa = PBXGroup;
			children = (
			);
			path = "CustomView and Styling";
			sourceTree = "<group>";
		};
		6B4552CB2A57F5E80035267D /* HomeView */ = {
			isa = PBXGroup;
			children = (
				6B4552CC2A57F63B0035267D /* HomeView.swift */,
			);
			path = HomeView;
			sourceTree = "<group>";
		};
/* End PBXGroup section */

/* Begin PBXNativeTarget section */
		6B4552962A57EEEC0035267D /* Zyoing */ = {
			isa = PBXNativeTarget;
			buildConfigurationList = 6B4552BB2A57EEEE0035267D /* Build configuration list for PBXNativeTarget "Zyoing" */;
			buildPhases = (
				6B4552932A57EEEC0035267D /* Sources */,
				6B4552942A57EEEC0035267D /* Frameworks */,
				6B4552952A57EEEC0035267D /* Resources */,
			);
			buildRules = (
			);
			dependencies = (
			);
			name = Zyoing;
			productName = Zyoing;
			productReference = 6B4552972A57EEEC0035267D /* Zyoing.app */;
			productType = "com.apple.product-type.application";
		};
		6B4552A62A57EEEE0035267D /* ZyoingTests */ = {
			isa = PBXNativeTarget;
			buildConfigurationList = 6B4552BE2A57EEEE0035267D /* Build configuration list for PBXNativeTarget "ZyoingTests" */;
			buildPhases = (
				6B4552A32A57EEEE0035267D /* Sources */,
				6B4552A42A57EEEE0035267D /* Frameworks */,
				6B4552A52A57EEEE0035267D /* Resources */,
			);
			buildRules = (
			);
			dependencies = (
				6B4552A92A57EEEE0035267D /* PBXTargetDependency */,
			);
			name = ZyoingTests;
			productName = ZyoingTests;
			productReference = 6B4552A72A57EEEE0035267D /* ZyoingTests.xctest */;
			productType = "com.apple.product-type.bundle.unit-test";
		};
		6B4552B02A57EEEE0035267D /* ZyoingUITests */ = {
			isa = PBXNativeTarget;
			buildConfigurationList = 6B4552C12A57EEEE0035267D /* Build configuration list for PBXNativeTarget "ZyoingUITests" */;
			buildPhases = (
				6B4552AD2A57EEEE0035267D /* Sources */,
				6B4552AE2A57EEEE0035267D /* Frameworks */,
				6B4552AF2A57EEEE0035267D /* Resources */,
			);
			buildRules = (
			);
			dependencies = (
				6B4552B32A57EEEE0035267D /* PBXTargetDependency */,
			);
			name = ZyoingUITests;
			productName = ZyoingUITests;
			productReference = 6B4552B12A57EEEE0035267D /* ZyoingUITests.xctest */;
			productType = "com.apple.product-type.bundle.ui-testing";
		};
/* End PBXNativeTarget section */

/* Begin PBXProject section */
		6B45528F2A57EEEC0035267D /* Project object */ = {
			isa = PBXProject;
			attributes = {
				BuildIndependentTargetsInParallel = 1;
				LastSwiftUpdateCheck = 1430;
				LastUpgradeCheck = 1430;
				TargetAttributes = {
					6B4552962A57EEEC0035267D = {
						CreatedOnToolsVersion = 14.3.1;
					};
					6B4552A62A57EEEE0035267D = {
						CreatedOnToolsVersion = 14.3.1;
						TestTargetID = 6B4552962A57EEEC0035267D;
					};
					6B4552B02A57EEEE0035267D = {
						CreatedOnToolsVersion = 14.3.1;
						TestTargetID = 6B4552962A57EEEC0035267D;
					};
				};
			};
			buildConfigurationList = 6B4552922A57EEEC0035267D /* Build configuration list for PBXProject "Zyoing" */;
			compatibilityVersion = "Xcode 14.0";
			developmentRegion = en;
			hasScannedForEncodings = 0;
			knownRegions = (
				en,
				Base,
			);
			mainGroup = 6B45528E2A57EEEC0035267D;
			productRefGroup = 6B4552982A57EEEC0035267D /* Products */;
			projectDirPath = "";
			projectRoot = "";
			targets = (
				6B4552962A57EEEC0035267D /* Zyoing */,
				6B4552A62A57EEEE0035267D /* ZyoingTests */,
				6B4552B02A57EEEE0035267D /* ZyoingUITests */,
			);
		};
/* End PBXProject section */

/* Begin PBXResourcesBuildPhase section */
		6B4552952A57EEEC0035267D /* Resources */ = {
			isa = PBXResourcesBuildPhase;
			buildActionMask = 2147483647;
			files = (
				6B4552A22A57EEEE0035267D /* Preview Assets.xcassets in Resources */,
				6B45529F2A57EEEE0035267D /* Assets.xcassets in Resources */,
			);
			runOnlyForDeploymentPostprocessing = 0;
		};
		6B4552A52A57EEEE0035267D /* Resources */ = {
			isa = PBXResourcesBuildPhase;
			buildActionMask = 2147483647;
			files = (
			);
			runOnlyForDeploymentPostprocessing = 0;
		};
		6B4552AF2A57EEEE0035267D /* Resources */ = {
			isa = PBXResourcesBuildPhase;
			buildActionMask = 2147483647;
			files = (
			);
			runOnlyForDeploymentPostprocessing = 0;
		};
/* End PBXResourcesBuildPhase section */

/* Begin PBXSourcesBuildPhase section */
		6B4552932A57EEEC0035267D /* Sources */ = {
			isa = PBXSourcesBuildPhase;
			buildActionMask = 2147483647;
			files = (
				6B45529B2A57EEEC0035267D /* ZyoingApp.swift in Sources */,
				6B4552CD2A57F63B0035267D /* HomeView.swift in Sources */,
			);
			runOnlyForDeploymentPostprocessing = 0;
		};
		6B4552A32A57EEEE0035267D /* Sources */ = {
			isa = PBXSourcesBuildPhase;
			buildActionMask = 2147483647;
			files = (
				6B4552AC2A57EEEE0035267D /* ZyoingTests.swift in Sources */,
			);
			runOnlyForDeploymentPostprocessing = 0;
		};
		6B4552AD2A57EEEE0035267D /* Sources */ = {
			isa = PBXSourcesBuildPhase;
			buildActionMask = 2147483647;
			files = (
				6B4552B82A57EEEE0035267D /* ZyoingUITestsLaunchTests.swift in Sources */,
				6B4552B62A57EEEE0035267D /* ZyoingUITests.swift in Sources */,
			);
			runOnlyForDeploymentPostprocessing = 0;
		};
/* End PBXSourcesBuildPhase section */

/* Begin PBXTargetDependency section */
		6B4552A92A57EEEE0035267D /* PBXTargetDependency */ = {
			isa = PBXTargetDependency;
			target = 6B4552962A57EEEC0035267D /* Zyoing */;
			targetProxy = 6B4552A82A57EEEE0035267D /* PBXContainerItemProxy */;
		};
		6B4552B32A57EEEE0035267D /* PBXTargetDependency */ = {
			isa = PBXTargetDependency;
			target = 6B4552962A57EEEC0035267D /* Zyoing */;
			targetProxy = 6B4552B22A57EEEE0035267D /* PBXContainerItemProxy */;
		};
/* End PBXTargetDependency section */

/* Begin XCBuildConfiguration section */
		6B4552B92A57EEEE0035267D /* Debug */ = {
			isa = XCBuildConfiguration;
			buildSettings = {
				ALWAYS_SEARCH_USER_PATHS = NO;
				CLANG_ANALYZER_NONNULL = YES;
				CLANG_ANALYZER_NUMBER_OBJECT_CONVERSION = YES_AGGRESSIVE;
				CLANG_CXX_LANGUAGE_STANDARD = "gnu++20";
				CLANG_ENABLE_MODULES = YES;
				CLANG_ENABLE_OBJC_ARC = YES;
				CLANG_ENABLE_OBJC_WEAK = YES;
				CLANG_WARN_BLOCK_CAPTURE_AUTORELEASING = YES;
				CLANG_WARN_BOOL_CONVERSION = YES;
				CLANG_WARN_COMMA = YES;
				CLANG_WARN_CONSTANT_CONVERSION = YES;
				CLANG_WARN_DEPRECATED_OBJC_IMPLEMENTATIONS = YES;
				CLANG_WARN_DIRECT_OBJC_ISA_USAGE = YES_ERROR;
				CLANG_WARN_DOCUMENTATION_COMMENTS = YES;
				CLANG_WARN_EMPTY_BODY = YES;
				CLANG_WARN_ENUM_CONVERSION = YES;
				CLANG_WARN_INFINITE_RECURSION = YES;
				CLANG_WARN_INT_CONVERSION = YES;
				CLANG_WARN_NON_LITERAL_NULL_CONVERSION = YES;
				CLANG_WARN_OBJC_IMPLICIT_RETAIN_SELF = YES;
				CLANG_WARN_OBJC_LITERAL_CONVERSION = YES;
				CLANG_WARN_OBJC_ROOT_CLASS = YES_ERROR;
				CLANG_WARN_QUOTED_INCLUDE_IN_FRAMEWORK_HEADER = YES;
				CLANG_WARN_RANGE_LOOP_ANALYSIS = YES;
				CLANG_WARN_STRICT_PROTOTYPES = YES;
				CLANG_WARN_SUSPICIOUS_MOVE = YES;
				CLANG_WARN_UNGUARDED_AVAILABILITY = YES_AGGRESSIVE;
				CLANG_WARN_UNREACHABLE_CODE = YES;
				CLANG_WARN__DUPLICATE_METHOD_MATCH = YES;
				COPY_PHASE_STRIP = NO;
				DEBUG_INFORMATION_FORMAT = dwarf;
				ENABLE_STRICT_OBJC_MSGSEND = YES;
				ENABLE_TESTABILITY = YES;
				GCC_C_LANGUAGE_STANDARD = gnu11;
				GCC_DYNAMIC_NO_PIC = NO;
				GCC_NO_COMMON_BLOCKS = YES;
				GCC_OPTIMIZATION_LEVEL = 0;
				GCC_PREPROCESSOR_DEFINITIONS = (
					"DEBUG=1",
					"$(inherited)",
				);
				GCC_WARN_64_TO_32_BIT_CONVERSION = YES;
				GCC_WARN_ABOUT_RETURN_TYPE = YES_ERROR;
				GCC_WARN_UNDECLARED_SELECTOR = YES;
				GCC_WARN_UNINITIALIZED_AUTOS = YES_AGGRESSIVE;
				GCC_WARN_UNUSED_FUNCTION = YES;
				GCC_WARN_UNUSED_VARIABLE = YES;
				IPHONEOS_DEPLOYMENT_TARGET = 16.4;
				MTL_ENABLE_DEBUG_INFO = INCLUDE_SOURCE;
				MTL_FAST_MATH = YES;
				ONLY_ACTIVE_ARCH = YES;
				SDKROOT = iphoneos;
				SWIFT_ACTIVE_COMPILATION_CONDITIONS = DEBUG;
				SWIFT_OPTIMIZATION_LEVEL = "-Onone";
			};
			name = Debug;
		};
		6B4552BA2A57EEEE0035267D /* Release */ = {
			isa = XCBuildConfiguration;
			buildSettings = {
				ALWAYS_SEARCH_USER_PATHS = NO;
				CLANG_ANALYZER_NONNULL = YES;
				CLANG_ANALYZER_NUMBER_OBJECT_CONVERSION = YES_AGGRESSIVE;
				CLANG_CXX_LANGUAGE_STANDARD = "gnu++20";
				CLANG_ENABLE_MODULES = YES;
				CLANG_ENABLE_OBJC_ARC = YES;
				CLANG_ENABLE_OBJC_WEAK = YES;
				CLANG_WARN_BLOCK_CAPTURE_AUTORELEASING = YES;
				CLANG_WARN_BOOL_CONVERSION = YES;
				CLANG_WARN_COMMA = YES;
				CLANG_WARN_CONSTANT_CONVERSION = YES;
				CLANG_WARN_DEPRECATED_OBJC_IMPLEMENTATIONS = YES;
				CLANG_WARN_DIRECT_OBJC_ISA_USAGE = YES_ERROR;
				CLANG_WARN_DOCUMENTATION_COMMENTS = YES;
				CLANG_WARN_EMPTY_BODY = YES;
				CLANG_WARN_ENUM_CONVERSION = YES;
				CLANG_WARN_INFINITE_RECURSION = YES;
				CLANG_WARN_INT_CONVERSION = YES;
				CLANG_WARN_NON_LITERAL_NULL_CONVERSION = YES;
				CLANG_WARN_OBJC_IMPLICIT_RETAIN_SELF = YES;
				CLANG_WARN_OBJC_LITERAL_CONVERSION = YES;
				CLANG_WARN_OBJC_ROOT_CLASS = YES_ERROR;
				CLANG_WARN_QUOTED_INCLUDE_IN_FRAMEWORK_HEADER = YES;
				CLANG_WARN_RANGE_LOOP_ANALYSIS = YES;
				CLANG_WARN_STRICT_PROTOTYPES = YES;
				CLANG_WARN_SUSPICIOUS_MOVE = YES;
				CLANG_WARN_UNGUARDED_AVAILABILITY = YES_AGGRESSIVE;
				CLANG_WARN_UNREACHABLE_CODE = YES;
				CLANG_WARN__DUPLICATE_METHOD_MATCH = YES;
				COPY_PHASE_STRIP = NO;
				DEBUG_INFORMATION_FORMAT = "dwarf-with-dsym";
				ENABLE_NS_ASSERTIONS = NO;
				ENABLE_STRICT_OBJC_MSGSEND = YES;
				GCC_C_LANGUAGE_STANDARD = gnu11;
				GCC_NO_COMMON_BLOCKS = YES;
				GCC_WARN_64_TO_32_BIT_CONVERSION = YES;
				GCC_WARN_ABOUT_RETURN_TYPE = YES_ERROR;
				GCC_WARN_UNDECLARED_SELECTOR = YES;
				GCC_WARN_UNINITIALIZED_AUTOS = YES_AGGRESSIVE;
				GCC_WARN_UNUSED_FUNCTION = YES;
				GCC_WARN_UNUSED_VARIABLE = YES;
				IPHONEOS_DEPLOYMENT_TARGET = 16.4;
				MTL_ENABLE_DEBUG_INFO = NO;
				MTL_FAST_MATH = YES;
				SDKROOT = iphoneos;
				SWIFT_COMPILATION_MODE = wholemodule;
				SWIFT_OPTIMIZATION_LEVEL = "-O";
				VALIDATE_PRODUCT = YES;
			};
			name = Release;
		};
		6B4552BC2A57EEEE0035267D /* Debug */ = {
			isa = XCBuildConfiguration;
			buildSettings = {
				ASSETCATALOG_COMPILER_APPICON_NAME = AppIcon;
				ASSETCATALOG_COMPILER_GLOBAL_ACCENT_COLOR_NAME = AccentColor;
				CODE_SIGN_STYLE = Automatic;
				CURRENT_PROJECT_VERSION = 1;
				DEVELOPMENT_ASSET_PATHS = "\"Zyoing/Preview Content\"";
				DEVELOPMENT_TEAM = 6FUZ562L75;
				ENABLE_PREVIEWS = YES;
				GENERATE_INFOPLIST_FILE = YES;
				INFOPLIST_KEY_UIApplicationSceneManifest_Generation = YES;
				INFOPLIST_KEY_UIApplicationSupportsIndirectInputEvents = YES;
				INFOPLIST_KEY_UILaunchScreen_Generation = YES;
				INFOPLIST_KEY_UISupportedInterfaceOrientations_iPad = "UIInterfaceOrientationPortrait UIInterfaceOrientationPortraitUpsideDown UIInterfaceOrientationLandscapeLeft UIInterfaceOrientationLandscapeRight";
				INFOPLIST_KEY_UISupportedInterfaceOrientations_iPhone = "UIInterfaceOrientationPortrait UIInterfaceOrientationLandscapeLeft UIInterfaceOrientationLandscapeRight";
				LD_RUNPATH_SEARCH_PATHS = (
					"$(inherited)",
					"@executable_path/Frameworks",
				);
				MARKETING_VERSION = 1.0;
				PRODUCT_BUNDLE_IDENTIFIER = com.krishna.Zyoing;
				PRODUCT_NAME = "$(TARGET_NAME)";
				SWIFT_EMIT_LOC_STRINGS = YES;
				SWIFT_VERSION = 5.0;
				TARGETED_DEVICE_FAMILY = "1,2";
			};
			name = Debug;
		};
		6B4552BD2A57EEEE0035267D /* Release */ = {
			isa = XCBuildConfiguration;
			buildSettings = {
				ASSETCATALOG_COMPILER_APPICON_NAME = AppIcon;
				ASSETCATALOG_COMPILER_GLOBAL_ACCENT_COLOR_NAME = AccentColor;
				CODE_SIGN_STYLE = Automatic;
				CURRENT_PROJECT_VERSION = 1;
				DEVELOPMENT_ASSET_PATHS = "\"Zyoing/Preview Content\"";
				DEVELOPMENT_TEAM = 6FUZ562L75;
				ENABLE_PREVIEWS = YES;
				GENERATE_INFOPLIST_FILE = YES;
				INFOPLIST_KEY_UIApplicationSceneManifest_Generation = YES;
				INFOPLIST_KEY_UIApplicationSupportsIndirectInputEvents = YES;
				INFOPLIST_KEY_UILaunchScreen_Generation = YES;
				INFOPLIST_KEY_UISupportedInterfaceOrientations_iPad = "UIInterfaceOrientationPortrait UIInterfaceOrientationPortraitUpsideDown UIInterfaceOrientationLandscapeLeft UIInterfaceOrientationLandscapeRight";
				INFOPLIST_KEY_UISupportedInterfaceOrientations_iPhone = "UIInterfaceOrientationPortrait UIInterfaceOrientationLandscapeLeft UIInterfaceOrientationLandscapeRight";
				LD_RUNPATH_SEARCH_PATHS = (
					"$(inherited)",
					"@executable_path/Frameworks",
				);
				MARKETING_VERSION = 1.0;
				PRODUCT_BUNDLE_IDENTIFIER = com.krishna.Zyoing;
				PRODUCT_NAME = "$(TARGET_NAME)";
				SWIFT_EMIT_LOC_STRINGS = YES;
				SWIFT_VERSION = 5.0;
				TARGETED_DEVICE_FAMILY = "1,2";
			};
			name = Release;
		};
		6B4552BF2A57EEEE0035267D /* Debug */ = {
			isa = XCBuildConfiguration;
			buildSettings = {
				ALWAYS_EMBED_SWIFT_STANDARD_LIBRARIES = YES;
				BUNDLE_LOADER = "$(TEST_HOST)";
				CODE_SIGN_STYLE = Automatic;
				CURRENT_PROJECT_VERSION = 1;
				DEVELOPMENT_TEAM = 6FUZ562L75;
				GENERATE_INFOPLIST_FILE = YES;
				IPHONEOS_DEPLOYMENT_TARGET = 16.4;
				MARKETING_VERSION = 1.0;
				PRODUCT_BUNDLE_IDENTIFIER = com.krishna.ZyoingTests;
				PRODUCT_NAME = "$(TARGET_NAME)";
				SWIFT_EMIT_LOC_STRINGS = NO;
				SWIFT_VERSION = 5.0;
				TARGETED_DEVICE_FAMILY = "1,2";
				TEST_HOST = "$(BUILT_PRODUCTS_DIR)/Zyoing.app/$(BUNDLE_EXECUTABLE_FOLDER_PATH)/Zyoing";
			};
			name = Debug;
		};
		6B4552C02A57EEEE0035267D /* Release */ = {
			isa = XCBuildConfiguration;
			buildSettings = {
				ALWAYS_EMBED_SWIFT_STANDARD_LIBRARIES = YES;
				BUNDLE_LOADER = "$(TEST_HOST)";
				CODE_SIGN_STYLE = Automatic;
				CURRENT_PROJECT_VERSION = 1;
				DEVELOPMENT_TEAM = 6FUZ562L75;
				GENERATE_INFOPLIST_FILE = YES;
				IPHONEOS_DEPLOYMENT_TARGET = 16.4;
				MARKETING_VERSION = 1.0;
				PRODUCT_BUNDLE_IDENTIFIER = com.krishna.ZyoingTests;
				PRODUCT_NAME = "$(TARGET_NAME)";
				SWIFT_EMIT_LOC_STRINGS = NO;
				SWIFT_VERSION = 5.0;
				TARGETED_DEVICE_FAMILY = "1,2";
				TEST_HOST = "$(BUILT_PRODUCTS_DIR)/Zyoing.app/$(BUNDLE_EXECUTABLE_FOLDER_PATH)/Zyoing";
			};
			name = Release;
		};
		6B4552C22A57EEEE0035267D /* Debug */ = {
			isa = XCBuildConfiguration;
			buildSettings = {
				ALWAYS_EMBED_SWIFT_STANDARD_LIBRARIES = YES;
				CODE_SIGN_STYLE = Automatic;
				CURRENT_PROJECT_VERSION = 1;
				DEVELOPMENT_TEAM = 6FUZ562L75;
				GENERATE_INFOPLIST_FILE = YES;
				MARKETING_VERSION = 1.0;
				PRODUCT_BUNDLE_IDENTIFIER = com.krishna.ZyoingUITests;
				PRODUCT_NAME = "$(TARGET_NAME)";
				SWIFT_EMIT_LOC_STRINGS = NO;
				SWIFT_VERSION = 5.0;
				TARGETED_DEVICE_FAMILY = "1,2";
				TEST_TARGET_NAME = Zyoing;
			};
			name = Debug;
		};
		6B4552C32A57EEEE0035267D /* Release */ = {
			isa = XCBuildConfiguration;
			buildSettings = {
				ALWAYS_EMBED_SWIFT_STANDARD_LIBRARIES = YES;
				CODE_SIGN_STYLE = Automatic;
				CURRENT_PROJECT_VERSION = 1;
				DEVELOPMENT_TEAM = 6FUZ562L75;
				GENERATE_INFOPLIST_FILE = YES;
				MARKETING_VERSION = 1.0;
				PRODUCT_BUNDLE_IDENTIFIER = com.krishna.ZyoingUITests;
				PRODUCT_NAME = "$(TARGET_NAME)";
				SWIFT_EMIT_LOC_STRINGS = NO;
				SWIFT_VERSION = 5.0;
				TARGETED_DEVICE_FAMILY = "1,2";
				TEST_TARGET_NAME = Zyoing;
			};
			name = Release;
		};
/* End XCBuildConfiguration section */

/* Begin XCConfigurationList section */
		6B4552922A57EEEC0035267D /* Build configuration list for PBXProject "Zyoing" */ = {
			isa = XCConfigurationList;
			buildConfigurations = (
				6B4552B92A57EEEE0035267D /* Debug */,
				6B4552BA2A57EEEE0035267D /* Release */,
			);
			defaultConfigurationIsVisible = 0;
			defaultConfigurationName = Release;
		};
		6B4552BB2A57EEEE0035267D /* Build configuration list for PBXNativeTarget "Zyoing" */ = {
			isa = XCConfigurationList;
			buildConfigurations = (
				6B4552BC2A57EEEE0035267D /* Debug */,
				6B4552BD2A57EEEE0035267D /* Release */,
			);
			defaultConfigurationIsVisible = 0;
			defaultConfigurationName = Release;
		};
		6B4552BE2A57EEEE0035267D /* Build configuration list for PBXNativeTarget "ZyoingTests" */ = {
			isa = XCConfigurationList;
			buildConfigurations = (
				6B4552BF2A57EEEE0035267D /* Debug */,
				6B4552C02A57EEEE0035267D /* Release */,
			);
			defaultConfigurationIsVisible = 0;
			defaultConfigurationName = Release;
		};
		6B4552C12A57EEEE0035267D /* Build configuration list for PBXNativeTarget "ZyoingUITests" */ = {
			isa = XCConfigurationList;
			buildConfigurations = (
				6B4552C22A57EEEE0035267D /* Debug */,
				6B4552C32A57EEEE0035267D /* Release */,
			);
			defaultConfigurationIsVisible = 0;
			defaultConfigurationName = Release;
		};
/* End XCConfigurationList section */
	};
	rootObject = 6B45528F2A57EEEC0035267D /* Project object */;
}
